
Microsoft Visual Studio Solution File, Format Version 12.00
# Visual Studio Version 17
VisualStudioVersion = 17.8.34212.112
MinimumVisualStudioVersion = 10.0.40219.1
Project("{FAE04EC0-301F-11D3-BF4B-00C04F79EFBC}") = "OOPLR2", "OOPLR2\OOPLR2.csproj", "{00F9934F-ED7B-4F2B-A8B2-7FE3D8E3A733}"
EndProject
Global
	GlobalSection(SolutionConfigurationPlatforms) = preSolution
		Debug|Any CPU = Debug|Any CPU
		Release|Any CPU = Release|Any CPU
	EndGlobalSection
	GlobalSection(ProjectConfigurationPlatforms) = postSolution
		{00F9934F-ED7B-4F2B-A8B2-7FE3D8E3A733}.Debug|Any CPU.ActiveCfg = Debug|Any CPU
		{00F9934F-ED7B-4F2B-A8B2-7FE3D8E3A733}.Debug|Any CPU.Build.0 = Debug|Any CPU
		{00F9934F-ED7B-4F2B-A8B2-7FE3D8E3A733}.Release|Any CPU.ActiveCfg = Release|Any CPU
		{00F9934F-ED7B-4F2B-A8B2-7FE3D8E3A733}.Release|Any CPU.Build.0 = Release|Any CPU
	EndGlobalSection
	GlobalSection(SolutionProperties) = preSolution
		HideSolutionNode = FALSE
	EndGlobalSection
	GlobalSection(ExtensibilityGlobals) = postSolution
		SolutionGuid = {18E2CD0C-B2C8-4145-80B1-4F7B6F07386E}
	EndGlobalSection
EndGlobal
