
Microsoft Visual Studio Solution File, Format Version 12.00
# Visual Studio Version 17
VisualStudioVersion = 17.8.34212.112
MinimumVisualStudioVersion = 10.0.40219.1
Project("{FAE04EC0-301F-11D3-BF4B-00C04F79EFBC}") = "OOPLR3", "OOPLR3\OOPLR3.csproj", "{291A0004-3B0B-4563-AA72-78BD2E45C20D}"
EndProject
Global
	GlobalSection(SolutionConfigurationPlatforms) = preSolution
		Debug|Any CPU = Debug|Any CPU
		Release|Any CPU = Release|Any CPU
	EndGlobalSection
	GlobalSection(ProjectConfigurationPlatforms) = postSolution
		{291A0004-3B0B-4563-AA72-78BD2E45C20D}.Debug|Any CPU.ActiveCfg = Debug|Any CPU
		{291A0004-3B0B-4563-AA72-78BD2E45C20D}.Debug|Any CPU.Build.0 = Debug|Any CPU
		{291A0004-3B0B-4563-AA72-78BD2E45C20D}.Release|Any CPU.ActiveCfg = Release|Any CPU
		{291A0004-3B0B-4563-AA72-78BD2E45C20D}.Release|Any CPU.Build.0 = Release|Any CPU
	EndGlobalSection
	GlobalSection(SolutionProperties) = preSolution
		HideSolutionNode = FALSE
	EndGlobalSection
	GlobalSection(ExtensibilityGlobals) = postSolution
		SolutionGuid = {571DF862-0F77-45CF-B484-81B12D615283}
	EndGlobalSection
EndGlobal
